// !$*UTF8*$!
{
	archiveVersion = 1;
	classes = {
	};
	objectVersion = 56;
	objects = {

/* Begin PBXBuildFile section */
		015B5D0888AC4145BDFCD24A /* LedgeApp.swift in Sources */ = {isa = PBXBuildFile; fileRef = F194968E22304171A2B77924 /* LedgeApp.swift */; };
		23262EB335314923875619E8 /* ShelfView.swift in Sources */ = {isa = PBXBuildFile; fileRef = 79F2B1F6E27F4C7DAA626279 /* ShelfView.swift */; };
		A1B2C3D400114455AA660002 /* Preferences.swift in Sources */ = {isa = PBXBuildFile; fileRef = A1B2C3D400114455AA660001 /* Preferences.swift */; };
		A1B2C3D400114455AA660004 /* AppState.swift in Sources */ = {isa = PBXBuildFile; fileRef = A1B2C3D400114455AA660003 /* AppState.swift */; };
		A1B2C3D400114455AA660005 /* LedgeCore in Frameworks */ = {isa = PBXBuildFile; productRef = A1B2C3D400114455AA660007 /* LedgeCore */; };
		A1B2C3D400114455AA660009 /* ShelfRow.swift in Sources */ = {isa = PBXBuildFile; fileRef = A1B2C3D400114455AA660008 /* ShelfRow.swift */; };
		A1B2C3D400114455AA66000B /* OrganizeSheet.swift in Sources */ = {isa = PBXBuildFile; fileRef = A1B2C3D400114455AA66000A /* OrganizeSheet.swift */; };
		A1B2C3D400114455AA66000D /* SettingsView.swift in Sources */ = {isa = PBXBuildFile; fileRef = A1B2C3D400114455AA66000C /* SettingsView.swift */; };
		A1B2C3D400114455AA660011 /* GeneralPane.swift in Sources */ = {isa = PBXBuildFile; fileRef = A1B2C3D400114455AA660010 /* GeneralPane.swift */; };
		A1B2C3D400114455AA660013 /* PermissionView.swift in Sources */ = {isa = PBXBuildFile; fileRef = A1B2C3D400114455AA660012 /* PermissionView.swift */; };
/* End PBXBuildFile section */

/* Begin PBXFileReference section */
		8D2901CE4CED4DEAB33BB283 /* Ledge.app */ = {isa = PBXFileReference; explicitFileType = wrapper.application; includeInIndex = 0; path = Ledge.app; sourceTree = BUILT_PRODUCTS_DIR; };
		F194968E22304171A2B77924 /* LedgeApp.swift */ = {isa = PBXFileReference; lastKnownFileType = sourcecode.swift; path = LedgeApp.swift; sourceTree = "<group>"; };
		79F2B1F6E27F4C7DAA626279 /* ShelfView.swift */ = {isa = PBXFileReference; lastKnownFileType = sourcecode.swift; path = ShelfView.swift; sourceTree = "<group>"; };
		A1B2C3D400114455AA660001 /* Preferences.swift */ = {isa = PBXFileReference; lastKnownFileType = sourcecode.swift; path = Preferences.swift; sourceTree = "<group>"; };
		A1B2C3D400114455AA660003 /* AppState.swift */ = {isa = PBXFileReference; lastKnownFileType = sourcecode.swift; path = AppState.swift; sourceTree = "<group>"; };
		A1B2C3D400114455AA660008 /* ShelfRow.swift */ = {isa = PBXFileReference; lastKnownFileType = sourcecode.swift; path = ShelfRow.swift; sourceTree = "<group>"; };
		A1B2C3D400114455AA66000A /* OrganizeSheet.swift */ = {isa = PBXFileReference; lastKnownFileType = sourcecode.swift; path = OrganizeSheet.swift; sourceTree = "<group>"; };
		A1B2C3D400114455AA66000C /* SettingsView.swift */ = {isa = PBXFileReference; lastKnownFileType = sourcecode.swift; path = SettingsView.swift; sourceTree = "<group>"; };
		A1B2C3D400114455AA660010 /* GeneralPane.swift */ = {isa = PBXFileReference; lastKnownFileType = sourcecode.swift; path = GeneralPane.swift; sourceTree = "<group>"; };
		A1B2C3D400114455AA660012 /* PermissionView.swift */ = {isa = PBXFileReference; lastKnownFileType = sourcecode.swift; path = PermissionView.swift; sourceTree = "<group>"; };
/* End PBXFileReference section */

/* Begin PBXFrameworksBuildPhase section */
		5C6868FF22AC46EFB498B24F /* Frameworks */ = {
			isa = PBXFrameworksBuildPhase;
			buildActionMask = 2147483647;
			files = (
				A1B2C3D400114455AA660005 /* LedgeCore in Frameworks */,
			);
			runOnlyForDeploymentPostprocessing = 0;
		};
/* End PBXFrameworksBuildPhase section */

/* Begin PBXGroup section */
		7A6E829AE29041289A771044 = {
			isa = PBXGroup;
			children = (
				459F71D10A6A43B38B90F5AD /* Ledge */,
				DF2E10727A7D47598DD16158 /* Products */,
			);
			sourceTree = "<group>";
		};
		459F71D10A6A43B38B90F5AD /* Ledge */ = {
			isa = PBXGroup;
			children = (
				F194968E22304171A2B77924 /* LedgeApp.swift */,
				A1B2C3D400114455AA660003 /* AppState.swift */,
				A1B2C3D400114455AA660001 /* Preferences.swift */,
				19C7F09942DB4C26BB9C6052 /* Shelf */,
				A1B2C3D400114455AA66000E /* Organize */,
				A1B2C3D400114455AA660014 /* Onboarding */,
				A1B2C3D400114455AA66000F /* Settings */,
			);
			path = Ledge;
			sourceTree = "<group>";
		};
		19C7F09942DB4C26BB9C6052 /* Shelf */ = {
			isa = PBXGroup;
			children = (
				79F2B1F6E27F4C7DAA626279 /* ShelfView.swift */,
				A1B2C3D400114455AA660008 /* ShelfRow.swift */,
			);
			path = Shelf;
			sourceTree = "<group>";
		};
		A1B2C3D400114455AA66000E /* Organize */ = {
			isa = PBXGroup;
			children = (
				A1B2C3D400114455AA66000A /* OrganizeSheet.swift */,
			);
			path = Organize;
			sourceTree = "<group>";
		};
		A1B2C3D400114455AA660014 /* Onboarding */ = {
			isa = PBXGroup;
			children = (
				A1B2C3D400114455AA660012 /* PermissionView.swift */,
			);
			path = Onboarding;
			sourceTree = "<group>";
		};
		A1B2C3D400114455AA66000F /* Settings */ = {
			isa = PBXGroup;
			children = (
				A1B2C3D400114455AA66000C /* SettingsView.swift */,
				A1B2C3D400114455AA660010 /* GeneralPane.swift */,
			);
			path = Settings;
			sourceTree = "<group>";
		};
		DF2E10727A7D47598DD16158 /* Products */ = {
			isa = PBXGroup;
			children = (
				8D2901CE4CED4DEAB33BB283 /* Ledge.app */,
			);
			name = Products;
			sourceTree = "<group>";
		};
/* End PBXGroup section */

/* Begin PBXNativeTarget section */
		809FBAB9C8F24364B01C71D3 /* Ledge */ = {
			isa = PBXNativeTarget;
			buildConfigurationList = EAEB774DCA254271AAE7B449 /* Build configuration list for PBXNativeTarget "Ledge" */;
			buildPhases = (
				32F3324F462E458A81140BB0 /* Sources */,
				5C6868FF22AC46EFB498B24F /* Frameworks */,
				E34DF3496600421AAC024E4A /* Resources */,
			);
			buildRules = (
			);
			dependencies = (
			);
			name = Ledge;
			packageProductDependencies = (
				A1B2C3D400114455AA660007 /* LedgeCore */,
			);
			productName = Ledge;
			productReference = 8D2901CE4CED4DEAB33BB283 /* Ledge.app */;
			productType = "com.apple.product-type.application";
		};
/* End PBXNativeTarget section */

/* Begin PBXProject section */
		003E14CF67C74DBA8D0B7EC2 /* Project object */ = {
			isa = PBXProject;
			attributes = {
				BuildIndependentTargetsInParallel = 1;
				LastSwiftUpdateCheck = 1620;
				LastUpgradeCheck = 1620;
				TargetAttributes = {
					809FBAB9C8F24364B01C71D3 = {
						CreatedOnToolsVersion = 16.2;
					};
				};
			};
			buildConfigurationList = 4660A33D4C9441D889E6F8D5 /* Build configuration list for PBXProject "Ledge" */;
			compatibilityVersion = "Xcode 14.0";
			developmentRegion = en;
			hasScannedForEncodings = 0;
			knownRegions = (
				en,
				Base,
			);
			mainGroup = 7A6E829AE29041289A771044;
			packageReferences = (
				A1B2C3D400114455AA660006 /* XCLocalSwiftPackageReference "LedgeCore" */,
			);
			productRefGroup = DF2E10727A7D47598DD16158 /* Products */;
			projectDirPath = "";
			projectRoot = "";
			targets = (
				809FBAB9C8F24364B01C71D3 /* Ledge */,
			);
		};
/* End PBXProject section */

/* Begin PBXResourcesBuildPhase section */
		E34DF3496600421AAC024E4A /* Resources */ = {
			isa = PBXResourcesBuildPhase;
			buildActionMask = 2147483647;
			files = (
			);
			runOnlyForDeploymentPostprocessing = 0;
		};
/* End PBXResourcesBuildPhase section */

/* Begin PBXSourcesBuildPhase section */
		32F3324F462E458A81140BB0 /* Sources */ = {
			isa = PBXSourcesBuildPhase;
			buildActionMask = 2147483647;
			files = (
				015B5D0888AC4145BDFCD24A /* LedgeApp.swift in Sources */,
				A1B2C3D400114455AA660004 /* AppState.swift in Sources */,
				A1B2C3D400114455AA660002 /* Preferences.swift in Sources */,
				23262EB335314923875619E8 /* ShelfView.swift in Sources */,
				A1B2C3D400114455AA660009 /* ShelfRow.swift in Sources */,
				A1B2C3D400114455AA66000B /* OrganizeSheet.swift in Sources */,
				A1B2C3D400114455AA66000D /* SettingsView.swift in Sources */,
				A1B2C3D400114455AA660011 /* GeneralPane.swift in Sources */,
				A1B2C3D400114455AA660013 /* PermissionView.swift in Sources */,
			);
			runOnlyForDeploymentPostprocessing = 0;
		};
/* End PBXSourcesBuildPhase section */

/* Begin XCBuildConfiguration section */
		82C9F035E0B146A98EE4128C /* Debug */ = {
			isa = XCBuildConfiguration;
			buildSettings = {
				ALWAYS_SEARCH_USER_PATHS = NO;
				ASSETCATALOG_COMPILER_GENERATE_SWIFT_ASSET_SYMBOL_EXTENSIONS = YES;
				CLANG_ANALYZER_NONNULL = YES;
				CLANG_ANALYZER_NUMBER_OBJECT_CONVERSION = YES_AGGRESSIVE;
				CLANG_CXX_LANGUAGE_STANDARD = "gnu++20";
				CLANG_ENABLE_MODULES = YES;
				CLANG_ENABLE_OBJC_ARC = YES;
				CLANG_ENABLE_OBJC_WEAK = YES;
				CLANG_WARN_BLOCK_CAPTURE_AUTORELEASING = YES;
				CLANG_WARN_BOOL_CONVERSION = YES;
				CLANG_WARN_COMMA = YES;
				CLANG_WARN_CONSTANT_CONVERSION = YES;
				CLANG_WARN_DEPRECATED_OBJC_IMPLEMENTATIONS = YES;
				CLANG_WARN_DIRECT_OBJC_ISA_USAGE = YES_ERROR;
				CLANG_WARN_DOCUMENTATION_COMMENTS = YES;
				CLANG_WARN_EMPTY_BODY = YES;
				CLANG_WARN_ENUM_CONVERSION = YES;
				CLANG_WARN_INFINITE_RECURSION = YES;
				CLANG_WARN_INT_CONVERSION = YES;
				CLANG_WARN_NON_LITERAL_NULL_CONVERSION = YES;
				CLANG_WARN_OBJC_IMPLICIT_RETAIN_SELF = YES;
				CLANG_WARN_OBJC_LITERAL_CONVERSION = YES;
				CLANG_WARN_OBJC_ROOT_CLASS = YES_ERROR;
				CLANG_WARN_QUOTED_INCLUDE_IN_FRAMEWORK_HEADER = YES;
				CLANG_WARN_RANGE_LOOP_ANALYSIS = YES;
				CLANG_WARN_STRICT_PROTOTYPES = YES;
				CLANG_WARN_SUSPICIOUS_MOVE = YES;
				CLANG_WARN_UNGUARDED_AVAILABILITY = YES_AGGRESSIVE;
				CLANG_WARN_UNREACHABLE_CODE = YES;
				CLANG_WARN__DUPLICATE_METHOD_MATCH = YES;
				COPY_PHASE_STRIP = NO;
				DEBUG_INFORMATION_FORMAT = dwarf;
				ENABLE_STRICT_OBJC_MSGSEND = YES;
				ENABLE_TESTABILITY = YES;
				ENABLE_USER_SCRIPT_SANDBOXING = YES;
				GCC_C_LANGUAGE_STANDARD = gnu17;
				GCC_DYNAMIC_NO_PIC = NO;
				GCC_NO_COMMON_BLOCKS = YES;
				GCC_OPTIMIZATION_LEVEL = 0;
				GCC_PREPROCESSOR_DEFINITIONS = (
					"DEBUG=1",
					"$(inherited)",
				);
				GCC_WARN_64_TO_32_BIT_CONVERSION = YES;
				GCC_WARN_ABOUT_RETURN_TYPE = YES_ERROR;
				GCC_WARN_UNDECLARED_SELECTOR = YES;
				GCC_WARN_UNINITIALIZED_AUTOS = YES_AGGRESSIVE;
				GCC_WARN_UNUSED_FUNCTION = YES;
				GCC_WARN_UNUSED_VARIABLE = YES;
				LOCALIZATION_PREFERS_STRING_CATALOGS = YES;
				MACOSX_DEPLOYMENT_TARGET = 14.0;
				MTL_ENABLE_DEBUG_INFO = INCLUDE_SOURCE;
				MTL_FAST_MATH = YES;
				ONLY_ACTIVE_ARCH = YES;
				SDKROOT = macosx;
				SWIFT_ACTIVE_COMPILATION_CONDITIONS = "DEBUG $(inherited)";
				SWIFT_OPTIMIZATION_LEVEL = "-Onone";
			};
			name = Debug;
		};
		A4D344C6B1624E548034AC46 /* Release */ = {
			isa = XCBuildConfiguration;
			buildSettings = {
				ALWAYS_SEARCH_USER_PATHS = NO;
				ASSETCATALOG_COMPILER_GENERATE_SWIFT_ASSET_SYMBOL_EXTENSIONS = YES;
				CLANG_ANALYZER_NONNULL = YES;
				CLANG_ANALYZER_NUMBER_OBJECT_CONVERSION = YES_AGGRESSIVE;
				CLANG_CXX_LANGUAGE_STANDARD = "gnu++20";
				CLANG_ENABLE_MODULES = YES;
				CLANG_ENABLE_OBJC_ARC = YES;
				CLANG_ENABLE_OBJC_WEAK = YES;
				CLANG_WARN_BLOCK_CAPTURE_AUTORELEASING = YES;
				CLANG_WARN_BOOL_CONVERSION = YES;
				CLANG_WARN_COMMA = YES;
				CLANG_WARN_CONSTANT_CONVERSION = YES;
				CLANG_WARN_DEPRECATED_OBJC_IMPLEMENTATIONS = YES;
				CLANG_WARN_DIRECT_OBJC_ISA_USAGE = YES_ERROR;
				CLANG_WARN_DOCUMENTATION_COMMENTS = YES;
				CLANG_WARN_EMPTY_BODY = YES;
				CLANG_WARN_ENUM_CONVERSION = YES;
				CLANG_WARN_INFINITE_RECURSION = YES;
				CLANG_WARN_INT_CONVERSION = YES;
				CLANG_WARN_NON_LITERAL_NULL_CONVERSION = YES;
				CLANG_WARN_OBJC_IMPLICIT_RETAIN_SELF = YES;
				CLANG_WARN_OBJC_LITERAL_CONVERSION = YES;
				CLANG_WARN_OBJC_ROOT_CLASS = YES_ERROR;
				CLANG_WARN_QUOTED_INCLUDE_IN_FRAMEWORK_HEADER = YES;
				CLANG_WARN_RANGE_LOOP_ANALYSIS = YES;
				CLANG_WARN_STRICT_PROTOTYPES = YES;
				CLANG_WARN_SUSPICIOUS_MOVE = YES;
				CLANG_WARN_UNGUARDED_AVAILABILITY = YES_AGGRESSIVE;
				CLANG_WARN_UNREACHABLE_CODE = YES;
				CLANG_WARN__DUPLICATE_METHOD_MATCH = YES;
				COPY_PHASE_STRIP = NO;
				DEBUG_INFORMATION_FORMAT = "dwarf-with-dsym";
				ENABLE_NS_ASSERTIONS = NO;
				ENABLE_STRICT_OBJC_MSGSEND = YES;
				ENABLE_USER_SCRIPT_SANDBOXING = YES;
				GCC_C_LANGUAGE_STANDARD = gnu17;
				GCC_NO_COMMON_BLOCKS = YES;
				GCC_WARN_64_TO_32_BIT_CONVERSION = YES;
				GCC_WARN_ABOUT_RETURN_TYPE = YES_ERROR;
				GCC_WARN_UNDECLARED_SELECTOR = YES;
				GCC_WARN_UNINITIALIZED_AUTOS = YES_AGGRESSIVE;
				GCC_WARN_UNUSED_FUNCTION = YES;
				GCC_WARN_UNUSED_VARIABLE = YES;
				LOCALIZATION_PREFERS_STRING_CATALOGS = YES;
				MACOSX_DEPLOYMENT_TARGET = 14.0;
				MTL_ENABLE_DEBUG_INFO = NO;
				MTL_FAST_MATH = YES;
				SDKROOT = macosx;
				SWIFT_COMPILATION_MODE = wholemodule;
			};
			name = Release;
		};
		42F09522DA7540CEBCE5BDE7 /* Debug */ = {
			isa = XCBuildConfiguration;
			buildSettings = {
				ASSETCATALOG_COMPILER_APPICON_NAME = AppIcon;
				ASSETCATALOG_COMPILER_GLOBAL_ACCENT_COLOR_NAME = AccentColor;
				CODE_SIGN_STYLE = Automatic;
				COMBINE_HIDPI_IMAGES = YES;
				CURRENT_PROJECT_VERSION = 1;
				ENABLE_HARDENED_RUNTIME = YES;
				ENABLE_PREVIEWS = YES;
				GENERATE_INFOPLIST_FILE = YES;
				INFOPLIST_KEY_LSUIElement = YES;
				INFOPLIST_KEY_NSDownloadsFolderUsageDescription = "Ledge files new downloads into folders for you.";
				INFOPLIST_KEY_NSHumanReadableCopyright = "";
				LD_RUNPATH_SEARCH_PATHS = (
					"$(inherited)",
					"@executable_path/../Frameworks",
				);
				MARKETING_VERSION = 1.0;
				PRODUCT_BUNDLE_IDENTIFIER = com.ledge.Ledge;
				PRODUCT_NAME = "$(TARGET_NAME)";
				SWIFT_EMIT_LOC_STRINGS = YES;
				SWIFT_VERSION = 6.0;
			};
			name = Debug;
		};
		6818E253DBAF4E4BAFA69DE7 /* Release */ = {
			isa = XCBuildConfiguration;
			buildSettings = {
				ASSETCATALOG_COMPILER_APPICON_NAME = AppIcon;
				ASSETCATALOG_COMPILER_GLOBAL_ACCENT_COLOR_NAME = AccentColor;
				CODE_SIGN_STYLE = Automatic;
				COMBINE_HIDPI_IMAGES = YES;
				CURRENT_PROJECT_VERSION = 1;
				ENABLE_HARDENED_RUNTIME = YES;
				ENABLE_PREVIEWS = YES;
				GENERATE_INFOPLIST_FILE = YES;
				INFOPLIST_KEY_LSUIElement = YES;
				INFOPLIST_KEY_NSDownloadsFolderUsageDescription = "Ledge files new downloads into folders for you.";
				INFOPLIST_KEY_NSHumanReadableCopyright = "";
				LD_RUNPATH_SEARCH_PATHS = (
					"$(inherited)",
					"@executable_path/../Frameworks",
				);
				MARKETING_VERSION = 1.0;
				PRODUCT_BUNDLE_IDENTIFIER = com.ledge.Ledge;
				PRODUCT_NAME = "$(TARGET_NAME)";
				SWIFT_EMIT_LOC_STRINGS = YES;
				SWIFT_VERSION = 6.0;
			};
			name = Release;
		};
/* End XCBuildConfiguration section */

/* Begin XCConfigurationList section */
		4660A33D4C9441D889E6F8D5 /* Build configuration list for PBXProject "Ledge" */ = {
			isa = XCConfigurationList;
			buildConfigurations = (
				82C9F035E0B146A98EE4128C /* Debug */,
				A4D344C6B1624E548034AC46 /* Release */,
			);
			defaultConfigurationIsVisible = 0;
			defaultConfigurationName = Release;
		};
		EAEB774DCA254271AAE7B449 /* Build configuration list for PBXNativeTarget "Ledge" */ = {
			isa = XCConfigurationList;
			buildConfigurations = (
				42F09522DA7540CEBCE5BDE7 /* Debug */,
				6818E253DBAF4E4BAFA69DE7 /* Release */,
			);
			defaultConfigurationIsVisible = 0;
			defaultConfigurationName = Release;
		};
/* End XCConfigurationList section */

/* Begin XCLocalSwiftPackageReference section */
		A1B2C3D400114455AA660006 /* XCLocalSwiftPackageReference "LedgeCore" */ = {
			isa = XCLocalSwiftPackageReference;
			relativePath = LedgeCore;
		};
/* End XCLocalSwiftPackageReference section */

/* Begin XCSwiftPackageProductDependency section */
		A1B2C3D400114455AA660007 /* LedgeCore */ = {
			isa = XCSwiftPackageProductDependency;
			productName = LedgeCore;
		};
/* End XCSwiftPackageProductDependency section */
	};
	rootObject = 003E14CF67C74DBA8D0B7EC2 /* Project object */;
}
